{
  "name": "web-atoms-xamarin-forms-sample",
  "version": "1.0.9",
  "lockfileVersion": 1,
  "requires": true,
  "dependencies": {
    "reflect-metadata": {
      "version": "0.1.12",
      "resolved": "https://registry.npmjs.org/reflect-metadata/-/reflect-metadata-0.1.12.tgz",
      "integrity": "sha512-n+IyV+nGz3+0q3/Yf1ra12KpCyi001bi4XFxSjbiWWjfqb52iTTtpGXmCCAOWWIAn9KEuFZKGqBERHmrtScZ3A=="
    },
    "typescript": {
      "version": "2.8.3",
      "resolved": "https://registry.npmjs.org/typescript/-/typescript-2.8.3.tgz",
      "integrity": "sha512-K7g15Bb6Ra4lKf7Iq2l/I5/En+hLIHmxWZGq3D4DIRNFxMNV6j2SHSvDOqs2tGd4UvD/fJvrwopzQXjLrT7Itw==",
      "dev": true
    },
    "web-atoms-core": {
      "version": "1.0.40",
      "resolved": "https://registry.npmjs.org/web-atoms-core/-/web-atoms-core-1.0.40.tgz",
      "integrity": "sha512-xa5EOiRswNbgzBhoIl5Sgp7R8AVsW2NsNUWQcQmuMgungwuT1PCWk3hpTe7KOvEnhE+PtYCOwG2N59G54IO5wQ==",
      "requires": {
        "reflect-metadata": "0.1.12"
      }
    }
  }
}
